Microsoft Visual Studio Solution File, Format Version 12.00
# Visual Studio Version 17
VisualStudioVersion = 17.5.2.0
MinimumVisualStudioVersion = 10.0.40219.1
Project("{FAE04EC0-301F-11D3-BF4B-00C04F79EFBC}") = "RaviwithCsharp", "RaviwithCsharp.csproj", "{4476D953-A075-4C36-D63A-FEE3F1D6841B}"
EndProject
Global
	GlobalSection(SolutionConfigurationPlatforms) = preSolution
		Debug|Any CPU = Debug|Any CPU
		Release|Any CPU = Release|Any CPU
	EndGlobalSection
	GlobalSection(ProjectConfigurationPlatforms) = postSolution
		{4476D953-A075-4C36-D63A-FEE3F1D6841B}.Debug|Any CPU.ActiveCfg = Debug|Any CPU
		{4476D953-A075-4C36-D63A-FEE3F1D6841B}.Debug|Any CPU.Build.0 = Debug|Any CPU
		{4476D953-A075-4C36-D63A-FEE3F1D6841B}.Release|Any CPU.ActiveCfg = Release|Any CPU
		{4476D953-A075-4C36-D63A-FEE3F1D6841B}.Release|Any CPU.Build.0 = Release|Any CPU
	EndGlobalSection
	GlobalSection(SolutionProperties) = preSolution
		HideSolutionNode = FALSE
	EndGlobalSection
	GlobalSection(ExtensibilityGlobals) = postSolution
		SolutionGuid = {9E5283D0-89B0-4FA9-A817-60F03529A245}
	EndGlobalSection
EndGlobal
